
Microsoft Visual Studio Solution File, Format Version 12.00
# Visual Studio Version 17
VisualStudioVersion = 17.1.32328.378
MinimumVisualStudioVersion = 10.0.40219.1
Project("{FAE04EC0-301F-11D3-BF4B-00C04F79EFBC}") = "Roman to inteher numbers", "Roman to inteher numbers.csproj", "{39DC84EC-A901-46EE-8F1A-8B24BC38D76F}"
EndProject
Global
	GlobalSection(SolutionConfigurationPlatforms) = preSolution
		Debug|Any CPU = Debug|Any CPU
		Release|Any CPU = Release|Any CPU
	EndGlobalSection
	GlobalSection(ProjectConfigurationPlatforms) = postSolution
		{39DC84EC-A901-46EE-8F1A-8B24BC38D76F}.Debug|Any CPU.ActiveCfg = Debug|Any CPU
		{39DC84EC-A901-46EE-8F1A-8B24BC38D76F}.Debug|Any CPU.Build.0 = Debug|Any CPU
		{39DC84EC-A901-46EE-8F1A-8B24BC38D76F}.Release|Any CPU.ActiveCfg = Release|Any CPU
		{39DC84EC-A901-46EE-8F1A-8B24BC38D76F}.Release|Any CPU.Build.0 = Release|Any CPU
	EndGlobalSection
	GlobalSection(SolutionProperties) = preSolution
		HideSolutionNode = FALSE
	EndGlobalSection
	GlobalSection(ExtensibilityGlobals) = postSolution
		SolutionGuid = {F70B1489-607C-48C3-91DF-C906426D23F4}
	EndGlobalSection
EndGlobal
